
Microsoft Visual Studio Solution File, Format Version 12.00
# Visual Studio 15
VisualStudioVersion = 15.0.28307.329
MinimumVisualStudioVersion = 10.0.40219.1
Project("{FAE04EC0-301F-11D3-BF4B-00C04F79EFBC}") = "CompanyFirewall", "CompanyFirewall\CompanyFirewall.csproj", "{DF7BD658-8CBC-45EA-914C-D46100766AD3}"
EndProject
Global
	GlobalSection(SolutionConfigurationPlatforms) = preSolution
		Debug|Any CPU = Debug|Any CPU
		Release|Any CPU = Release|Any CPU
	EndGlobalSection
	GlobalSection(ProjectConfigurationPlatforms) = postSolution
		{DF7BD658-8CBC-45EA-914C-D46100766AD3}.Debug|Any CPU.ActiveCfg = Debug|Any CPU
		{DF7BD658-8CBC-45EA-914C-D46100766AD3}.Debug|Any CPU.Build.0 = Debug|Any CPU
		{DF7BD658-8CBC-45EA-914C-D46100766AD3}.Release|Any CPU.ActiveCfg = Release|Any CPU
		{DF7BD658-8CBC-45EA-914C-D46100766AD3}.Release|Any CPU.Build.0 = Release|Any CPU
	EndGlobalSection
	GlobalSection(SolutionProperties) = preSolution
		HideSolutionNode = FALSE
	EndGlobalSection
	GlobalSection(ExtensibilityGlobals) = postSolution
		SolutionGuid = {BA9B67D7-2D34-4ED8-B96F-963C4860D487}
	EndGlobalSection
EndGlobal
